
Microsoft Visual Studio Solution File, Format Version 12.00
# Visual Studio 14
VisualStudioVersion = 14.0.25420.1
MinimumVisualStudioVersion = 10.0.40219.1
Project("{8BC9CEB8-8B4A-11D0-8D11-00A0C91BC942}") = "AppMain", "AppMain\AppMain.vcxproj", "{14F176E5-F79A-4EA2-A27A-959E29917470}"
EndProject
Project("{8BC9CEB8-8B4A-11D0-8D11-00A0C91BC942}") = "SocketClient", "SocketClient\SocketClient.vcxproj", "{0D6A6E23-7040-49BC-859C-82B45C7E67D2}"
EndProject
Project("{8BC9CEB8-8B4A-11D0-8D11-00A0C91BC942}") = "SocketServer", "SocketServer\SocketServer.vcxproj", "{53789B8F-8115-4874-A0D1-BB56A8F41FB1}"
EndProject
Project("{2150E333-8FDC-42A3-9474-1A3956D46DE8}") = "MergeLib", "MergeLib", "{8DC6A561-1A0E-410F-AF2E-3DB4858F79C1}"
EndProject
Project("{8BC9CEB8-8B4A-11D0-8D11-00A0C91BC942}") = "LibA", "LibA\LibA.vcxproj", "{5D876F47-B4D4-4D21-AFD0-3D8C5760EC22}"
EndProject
Project("{8BC9CEB8-8B4A-11D0-8D11-00A0C91BC942}") = "LibB", "LibB\LibB.vcxproj", "{BFA8E12B-9040-45A7-836B-82145F0291EB}"
EndProject
Project("{8BC9CEB8-8B4A-11D0-8D11-00A0C91BC942}") = "MessageLoop", "MessageLoop\MessageLoop.vcxproj", "{93BDCEB2-25F1-465A-8D0E-DE721A8F01E0}"
EndProject
Project("{8BC9CEB8-8B4A-11D0-8D11-00A0C91BC942}") = "MutipleWait", "MutipleWait\MutipleWait.vcxproj", "{22ED8CA9-7F50-44AC-9BEA-025D47C9437C}"
EndProject
Project("{2150E333-8FDC-42A3-9474-1A3956D46DE8}") = "Socket", "Socket", "{F7253BF6-D273-4A94-A392-25949C125A51}"
EndProject
Global
	GlobalSection(SolutionConfigurationPlatforms) = preSolution
		Debug|x64 = Debug|x64
		Debug|x86 = Debug|x86
		Release|x64 = Release|x64
		Release|x86 = Release|x86
	EndGlobalSection
	GlobalSection(ProjectConfigurationPlatforms) = postSolution
		{14F176E5-F79A-4EA2-A27A-959E29917470}.Debug|x64.ActiveCfg = Debug|x64
		{14F176E5-F79A-4EA2-A27A-959E29917470}.Debug|x64.Build.0 = Debug|x64
		{14F176E5-F79A-4EA2-A27A-959E29917470}.Debug|x86.ActiveCfg = Debug|Win32
		{14F176E5-F79A-4EA2-A27A-959E29917470}.Debug|x86.Build.0 = Debug|Win32
		{14F176E5-F79A-4EA2-A27A-959E29917470}.Release|x64.ActiveCfg = Release|x64
		{14F176E5-F79A-4EA2-A27A-959E29917470}.Release|x64.Build.0 = Release|x64
		{14F176E5-F79A-4EA2-A27A-959E29917470}.Release|x86.ActiveCfg = Release|Win32
		{14F176E5-F79A-4EA2-A27A-959E29917470}.Release|x86.Build.0 = Release|Win32
		{0D6A6E23-7040-49BC-859C-82B45C7E67D2}.Debug|x64.ActiveCfg = Debug|x64
		{0D6A6E23-7040-49BC-859C-82B45C7E67D2}.Debug|x64.Build.0 = Debug|x64
		{0D6A6E23-7040-49BC-859C-82B45C7E67D2}.Debug|x86.ActiveCfg = Debug|Win32
		{0D6A6E23-7040-49BC-859C-82B45C7E67D2}.Debug|x86.Build.0 = Debug|Win32
		{0D6A6E23-7040-49BC-859C-82B45C7E67D2}.Release|x64.ActiveCfg = Release|x64
		{0D6A6E23-7040-49BC-859C-82B45C7E67D2}.Release|x64.Build.0 = Release|x64
		{0D6A6E23-7040-49BC-859C-82B45C7E67D2}.Release|x86.ActiveCfg = Release|Win32
		{0D6A6E23-7040-49BC-859C-82B45C7E67D2}.Release|x86.Build.0 = Release|Win32
		{53789B8F-8115-4874-A0D1-BB56A8F41FB1}.Debug|x64.ActiveCfg = Debug|x64
		{53789B8F-8115-4874-A0D1-BB56A8F41FB1}.Debug|x64.Build.0 = Debug|x64
		{53789B8F-8115-4874-A0D1-BB56A8F41FB1}.Debug|x86.ActiveCfg = Debug|Win32
		{53789B8F-8115-4874-A0D1-BB56A8F41FB1}.Debug|x86.Build.0 = Debug|Win32
		{53789B8F-8115-4874-A0D1-BB56A8F41FB1}.Release|x64.ActiveCfg = Release|x64
		{53789B8F-8115-4874-A0D1-BB56A8F41FB1}.Release|x64.Build.0 = Release|x64
		{53789B8F-8115-4874-A0D1-BB56A8F41FB1}.Release|x86.ActiveCfg = Release|Win32
		{53789B8F-8115-4874-A0D1-BB56A8F41FB1}.Release|x86.Build.0 = Release|Win32
		{5D876F47-B4D4-4D21-AFD0-3D8C5760EC22}.Debug|x64.ActiveCfg = Debug|x64
		{5D876F47-B4D4-4D21-AFD0-3D8C5760EC22}.Debug|x64.Build.0 = Debug|x64
		{5D876F47-B4D4-4D21-AFD0-3D8C5760EC22}.Debug|x86.ActiveCfg = Debug|Win32
		{5D876F47-B4D4-4D21-AFD0-3D8C5760EC22}.Debug|x86.Build.0 = Debug|Win32
		{5D876F47-B4D4-4D21-AFD0-3D8C5760EC22}.Release|x64.ActiveCfg = Release|x64
		{5D876F47-B4D4-4D21-AFD0-3D8C5760EC22}.Release|x64.Build.0 = Release|x64
		{5D876F47-B4D4-4D21-AFD0-3D8C5760EC22}.Release|x86.ActiveCfg = Release|Win32
		{5D876F47-B4D4-4D21-AFD0-3D8C5760EC22}.Release|x86.Build.0 = Release|Win32
		{BFA8E12B-9040-45A7-836B-82145F0291EB}.Debug|x64.ActiveCfg = Debug|x64
		{BFA8E12B-9040-45A7-836B-82145F0291EB}.Debug|x64.Build.0 = Debug|x64
		{BFA8E12B-9040-45A7-836B-82145F0291EB}.Debug|x86.ActiveCfg = Debug|Win32
		{BFA8E12B-9040-45A7-836B-82145F0291EB}.Debug|x86.Build.0 = Debug|Win32
		{BFA8E12B-9040-45A7-836B-82145F0291EB}.Release|x64.ActiveCfg = Release|x64
		{BFA8E12B-9040-45A7-836B-82145F0291EB}.Release|x64.Build.0 = Release|x64
		{BFA8E12B-9040-45A7-836B-82145F0291EB}.Release|x86.ActiveCfg = Release|Win32
		{BFA8E12B-9040-45A7-836B-82145F0291EB}.Release|x86.Build.0 = Release|Win32
		{93BDCEB2-25F1-465A-8D0E-DE721A8F01E0}.Debug|x64.ActiveCfg = Debug|x64
		{93BDCEB2-25F1-465A-8D0E-DE721A8F01E0}.Debug|x64.Build.0 = Debug|x64
		{93BDCEB2-25F1-465A-8D0E-DE721A8F01E0}.Debug|x86.ActiveCfg = Debug|Win32
		{93BDCEB2-25F1-465A-8D0E-DE721A8F01E0}.Debug|x86.Build.0 = Debug|Win32
		{93BDCEB2-25F1-465A-8D0E-DE721A8F01E0}.Release|x64.ActiveCfg = Release|x64
		{93BDCEB2-25F1-465A-8D0E-DE721A8F01E0}.Release|x64.Build.0 = Release|x64
		{93BDCEB2-25F1-465A-8D0E-DE721A8F01E0}.Release|x86.ActiveCfg = Release|Win32
		{93BDCEB2-25F1-465A-8D0E-DE721A8F01E0}.Release|x86.Build.0 = Release|Win32
		{22ED8CA9-7F50-44AC-9BEA-025D47C9437C}.Debug|x64.ActiveCfg = Debug|x64
		{22ED8CA9-7F50-44AC-9BEA-025D47C9437C}.Debug|x64.Build.0 = Debug|x64
		{22ED8CA9-7F50-44AC-9BEA-025D47C9437C}.Debug|x86.ActiveCfg = Debug|Win32
		{22ED8CA9-7F50-44AC-9BEA-025D47C9437C}.Debug|x86.Build.0 = Debug|Win32
		{22ED8CA9-7F50-44AC-9BEA-025D47C9437C}.Release|x64.ActiveCfg = Release|x64
		{22ED8CA9-7F50-44AC-9BEA-025D47C9437C}.Release|x64.Build.0 = Release|x64
		{22ED8CA9-7F50-44AC-9BEA-025D47C9437C}.Release|x86.ActiveCfg = Release|Win32
		{22ED8CA9-7F50-44AC-9BEA-025D47C9437C}.Release|x86.Build.0 = Release|Win32
	EndGlobalSection
	GlobalSection(SolutionProperties) = preSolution
		HideSolutionNode = FALSE
	EndGlobalSection
	GlobalSection(NestedProjects) = preSolution
		{0D6A6E23-7040-49BC-859C-82B45C7E67D2} = {F7253BF6-D273-4A94-A392-25949C125A51}
		{53789B8F-8115-4874-A0D1-BB56A8F41FB1} = {F7253BF6-D273-4A94-A392-25949C125A51}
		{5D876F47-B4D4-4D21-AFD0-3D8C5760EC22} = {8DC6A561-1A0E-410F-AF2E-3DB4858F79C1}
		{BFA8E12B-9040-45A7-836B-82145F0291EB} = {8DC6A561-1A0E-410F-AF2E-3DB4858F79C1}
	EndGlobalSection
EndGlobal
